
Microsoft Visual Studio Solution File, Format Version 12.00
# Visual Studio Version 17
VisualStudioVersion = 17.7.34024.191
MinimumVisualStudioVersion = 10.0.40219.1
Project("{FAE04EC0-301F-11D3-BF4B-00C04F79EFBC}") = "Grocery Management System (Assignment)", "Grocery Management System (Assignment)\Grocery Management System (Assignment).csproj", "{485E0B07-F033-4ABF-BF4F-52546D5E28FE}"
EndProject
Global
	GlobalSection(SolutionConfigurationPlatforms) = preSolution
		Debug|Any CPU = Debug|Any CPU
		Release|Any CPU = Release|Any CPU
	EndGlobalSection
	GlobalSection(ProjectConfigurationPlatforms) = postSolution
		{485E0B07-F033-4ABF-BF4F-52546D5E28FE}.Debug|Any CPU.ActiveCfg = Debug|Any CPU
		{485E0B07-F033-4ABF-BF4F-52546D5E28FE}.Debug|Any CPU.Build.0 = Debug|Any CPU
		{485E0B07-F033-4ABF-BF4F-52546D5E28FE}.Release|Any CPU.ActiveCfg = Release|Any CPU
		{485E0B07-F033-4ABF-BF4F-52546D5E28FE}.Release|Any CPU.Build.0 = Release|Any CPU
	EndGlobalSection
	GlobalSection(SolutionProperties) = preSolution
		HideSolutionNode = FALSE
	EndGlobalSection
	GlobalSection(ExtensibilityGlobals) = postSolution
		SolutionGuid = {DA5F2EC5-D486-4F29-A5CF-7E312AE55101}
	EndGlobalSection
EndGlobal
